
Microsoft Visual Studio Solution File, Format Version 12.00
# Visual Studio 14
VisualStudioVersion = 14.0.25123.0
MinimumVisualStudioVersion = 10.0.40219.1
Project("{FAE04EC0-301F-11D3-BF4B-00C04F79EFBC}") = "UrlsAndRoutes", "UrlsAndRoutes\UrlsAndRoutes.csproj", "{C08BED6D-88F1-4918-B52C-3EEBDE411A85}"
EndProject
Project("{FAE04EC0-301F-11D3-BF4B-00C04F79EFBC}") = "UrlsAndRoutes.Tests", "UrlsAndRoutes.Tests\UrlsAndRoutes.Tests.csproj", "{2D7564B7-AA22-4CD1-A199-31DE72D8809C}"
EndProject
Global
	GlobalSection(SolutionConfigurationPlatforms) = preSolution
		Debug|Any CPU = Debug|Any CPU
		Release|Any CPU = Release|Any CPU
	EndGlobalSection
	GlobalSection(ProjectConfigurationPlatforms) = postSolution
		{C08BED6D-88F1-4918-B52C-3EEBDE411A85}.Debug|Any CPU.ActiveCfg = Debug|Any CPU
		{C08BED6D-88F1-4918-B52C-3EEBDE411A85}.Debug|Any CPU.Build.0 = Debug|Any CPU
		{C08BED6D-88F1-4918-B52C-3EEBDE411A85}.Release|Any CPU.ActiveCfg = Release|Any CPU
		{C08BED6D-88F1-4918-B52C-3EEBDE411A85}.Release|Any CPU.Build.0 = Release|Any CPU
		{2D7564B7-AA22-4CD1-A199-31DE72D8809C}.Debug|Any CPU.ActiveCfg = Debug|Any CPU
		{2D7564B7-AA22-4CD1-A199-31DE72D8809C}.Debug|Any CPU.Build.0 = Debug|Any CPU
		{2D7564B7-AA22-4CD1-A199-31DE72D8809C}.Release|Any CPU.ActiveCfg = Release|Any CPU
		{2D7564B7-AA22-4CD1-A199-31DE72D8809C}.Release|Any CPU.Build.0 = Release|Any CPU
	EndGlobalSection
	GlobalSection(SolutionProperties) = preSolution
		HideSolutionNode = FALSE
	EndGlobalSection
EndGlobal
